github.com/arinn1204/gmx v0.0.0-20220806205211-aca7513e14a1 h1:T3/Sio7kLvJ2NOF3bdrkzKdEzSC4Hljw4Mb/RP8fJCo=
github.com/arinn1204/gmx v0.0.0-20220806205211-aca7513e14a1/go.mod h1:w/tjPLGrEJH8iDD8XdUU6EiQOxt3KB3AxJoXwrdJDEo=
github.com/juntaki/jnigo v0.0.0-20171210120319-d5670c237089 h1:XzH1jhH31brQKTo7KPKhw50DgzcaPQOL03r0c0tXZG0=
github.com/juntaki/jnigo v0.0.0-20171210120319-d5670c237089/go.mod h1:7jWzXiSMXSouA039ACF0xZtc8mti3gW+QxkmLBceBR4=
